// !$*UTF8*$!
{
	archiveVersion = 1;
	classes = {
	};
	objectVersion = 56;
	objects = {

/* Begin PBXBuildFile section */
		25F770A42B59368F00C62071 /* AppDelegate.swift in Sources */ = {isa = PBXBuildFile; fileRef = 25F770A32B59368F00C62071 /* AppDelegate.swift */; };
		25F770A62B59368F00C62071 /* SceneDelegate.swift in Sources */ = {isa = PBXBuildFile; fileRef = 25F770A52B59368F00C62071 /* SceneDelegate.swift */; };
		25F770A82B59368F00C62071 /* ViewController.swift in Sources */ = {isa = PBXBuildFile; fileRef = 25F770A72B59368F00C62071 /* ViewController.swift */; };
		25F770AB2B59368F00C62071 /* Main.storyboard in Resources */ = {isa = PBXBuildFile; fileRef = 25F770A92B59368F00C62071 /* Main.storyboard */; };
		25F770AD2B59369200C62071 /* Assets.xcassets in Resources */ = {isa = PBXBuildFile; fileRef = 25F770AC2B59369200C62071 /* Assets.xcassets */; };
		25F770B02B59369200C62071 /* LaunchScreen.storyboard in Resources */ = {isa = PBXBuildFile; fileRef = 25F770AE2B59369200C62071 /* LaunchScreen.storyboard */; };
		25F770BB2B59369200C62071 /* ParticlesFXTests.swift in Sources */ = {isa = PBXBuildFile; fileRef = 25F770BA2B59369200C62071 /* ParticlesFXTests.swift */; };
		25F770C52B59369200C62071 /* ParticlesFXUITests.swift in Sources */ = {isa = PBXBuildFile; fileRef = 25F770C42B59369200C62071 /* ParticlesFXUITests.swift */; };
		25F770C72B59369200C62071 /* ParticlesFXUITestsLaunchTests.swift in Sources */ = {isa = PBXBuildFile; fileRef = 25F770C62B59369200C62071 /* ParticlesFXUITestsLaunchTests.swift */; };
		25F770D52B5936AC00C62071 /* Particles.swift in Sources */ = {isa = PBXBuildFile; fileRef = 25F770D42B5936AC00C62071 /* Particles.swift */; };
/* End PBXBuildFile section */

/* Begin PBXContainerItemProxy section */
		25F770B72B59369200C62071 /* PBXContainerItemProxy */ = {
			isa = PBXContainerItemProxy;
			containerPortal = 25F770982B59368F00C62071 /* Project object */;
			proxyType = 1;
			remoteGlobalIDString = 25F7709F2B59368F00C62071;
			remoteInfo = ParticlesFX;
		};
		25F770C12B59369200C62071 /* PBXContainerItemProxy */ = {
			isa = PBXContainerItemProxy;
			containerPortal = 25F770982B59368F00C62071 /* Project object */;
			proxyType = 1;
			remoteGlobalIDString = 25F7709F2B59368F00C62071;
			remoteInfo = ParticlesFX;
		};
/* End PBXContainerItemProxy section */

/* Begin PBXFileReference section */
		25F770A02B59368F00C62071 /* ParticlesFX.app */ = {isa = PBXFileReference; explicitFileType = wrapper.application; includeInIndex = 0; path = ParticlesFX.app; sourceTree = BUILT_PRODUCTS_DIR; };
		25F770A32B59368F00C62071 /* AppDelegate.swift */ = {isa = PBXFileReference; lastKnownFileType = sourcecode.swift; path = AppDelegate.swift; sourceTree = "<group>"; };
		25F770A52B59368F00C62071 /* SceneDelegate.swift */ = {isa = PBXFileReference; lastKnownFileType = sourcecode.swift; path = SceneDelegate.swift; sourceTree = "<group>"; };
		25F770A72B59368F00C62071 /* ViewController.swift */ = {isa = PBXFileReference; lastKnownFileType = sourcecode.swift; path = ViewController.swift; sourceTree = "<group>"; };
		25F770AA2B59368F00C62071 /* Base */ = {isa = PBXFileReference; lastKnownFileType = file.storyboard; name = Base; path = Base.lproj/Main.storyboard; sourceTree = "<group>"; };
		25F770AC2B59369200C62071 /* Assets.xcassets */ = {isa = PBXFileReference; lastKnownFileType = folder.assetcatalog; path = Assets.xcassets; sourceTree = "<group>"; };
		25F770AF2B59369200C62071 /* Base */ = {isa = PBXFileReference; lastKnownFileType = file.storyboard; name = Base; path = Base.lproj/LaunchScreen.storyboard; sourceTree = "<group>"; };
		25F770B12B59369200C62071 /* Info.plist */ = {isa = PBXFileReference; lastKnownFileType = text.plist.xml; path = Info.plist; sourceTree = "<group>"; };
		25F770B62B59369200C62071 /* ParticlesFXTests.xctest */ = {isa = PBXFileReference; explicitFileType = wrapper.cfbundle; includeInIndex = 0; path = ParticlesFXTests.xctest; sourceTree = BUILT_PRODUCTS_DIR; };
		25F770BA2B59369200C62071 /* ParticlesFXTests.swift */ = {isa = PBXFileReference; lastKnownFileType = sourcecode.swift; path = ParticlesFXTests.swift; sourceTree = "<group>"; };
		25F770C02B59369200C62071 /* ParticlesFXUITests.xctest */ = {isa = PBXFileReference; explicitFileType = wrapper.cfbundle; includeInIndex = 0; path = ParticlesFXUITests.xctest; sourceTree = BUILT_PRODUCTS_DIR; };
		25F770C42B59369200C62071 /* ParticlesFXUITests.swift */ = {isa = PBXFileReference; lastKnownFileType = sourcecode.swift; path = ParticlesFXUITests.swift; sourceTree = "<group>"; };
		25F770C62B59369200C62071 /* ParticlesFXUITestsLaunchTests.swift */ = {isa = PBXFileReference; lastKnownFileType = sourcecode.swift; path = ParticlesFXUITestsLaunchTests.swift; sourceTree = "<group>"; };
		25F770D42B5936AC00C62071 /* Particles.swift */ = {isa = PBXFileReference; lastKnownFileType = sourcecode.swift; path = Particles.swift; sourceTree = "<group>"; };
/* End PBXFileReference section */

/* Begin PBXFrameworksBuildPhase section */
		25F7709D2B59368F00C62071 /* Frameworks */ = {
			isa = PBXFrameworksBuildPhase;
			buildActionMask = 2147483647;
			files = (
			);
			runOnlyForDeploymentPostprocessing = 0;
		};
		25F770B32B59369200C62071 /* Frameworks */ = {
			isa = PBXFrameworksBuildPhase;
			buildActionMask = 2147483647;
			files = (
			);
			runOnlyForDeploymentPostprocessing = 0;
		};
		25F770BD2B59369200C62071 /* Frameworks */ = {
			isa = PBXFrameworksBuildPhase;
			buildActionMask = 2147483647;
			files = (
			);
			runOnlyForDeploymentPostprocessing = 0;
		};
/* End PBXFrameworksBuildPhase section */

/* Begin PBXGroup section */
		25F770972B59368F00C62071 = {
			isa = PBXGroup;
			children = (
				25F770A22B59368F00C62071 /* ParticlesFX */,
				25F770B92B59369200C62071 /* ParticlesFXTests */,
				25F770C32B59369200C62071 /* ParticlesFXUITests */,
				25F770A12B59368F00C62071 /* Products */,
			);
			sourceTree = "<group>";
		};
		25F770A12B59368F00C62071 /* Products */ = {
			isa = PBXGroup;
			children = (
				25F770A02B59368F00C62071 /* ParticlesFX.app */,
				25F770B62B59369200C62071 /* ParticlesFXTests.xctest */,
				25F770C02B59369200C62071 /* ParticlesFXUITests.xctest */,
			);
			name = Products;
			sourceTree = "<group>";
		};
		25F770A22B59368F00C62071 /* ParticlesFX */ = {
			isa = PBXGroup;
			children = (
				25F770D32B5936A100C62071 /* views */,
				25F770A32B59368F00C62071 /* AppDelegate.swift */,
				25F770A52B59368F00C62071 /* SceneDelegate.swift */,
				25F770A72B59368F00C62071 /* ViewController.swift */,
				25F770A92B59368F00C62071 /* Main.storyboard */,
				25F770AC2B59369200C62071 /* Assets.xcassets */,
				25F770AE2B59369200C62071 /* LaunchScreen.storyboard */,
				25F770B12B59369200C62071 /* Info.plist */,
			);
			path = ParticlesFX;
			sourceTree = "<group>";
		};
		25F770B92B59369200C62071 /* ParticlesFXTests */ = {
			isa = PBXGroup;
			children = (
				25F770BA2B59369200C62071 /* ParticlesFXTests.swift */,
			);
			path = ParticlesFXTests;
			sourceTree = "<group>";
		};
		25F770C32B59369200C62071 /* ParticlesFXUITests */ = {
			isa = PBXGroup;
			children = (
				25F770C42B59369200C62071 /* ParticlesFXUITests.swift */,
				25F770C62B59369200C62071 /* ParticlesFXUITestsLaunchTests.swift */,
			);
			path = ParticlesFXUITests;
			sourceTree = "<group>";
		};
		25F770D32B5936A100C62071 /* views */ = {
			isa = PBXGroup;
			children = (
				25F770D42B5936AC00C62071 /* Particles.swift */,
			);
			path = views;
			sourceTree = "<group>";
		};
/* End PBXGroup section */

/* Begin PBXNativeTarget section */
		25F7709F2B59368F00C62071 /* ParticlesFX */ = {
			isa = PBXNativeTarget;
			buildConfigurationList = 25F770CA2B59369200C62071 /* Build configuration list for PBXNativeTarget "ParticlesFX" */;
			buildPhases = (
				25F7709C2B59368F00C62071 /* Sources */,
				25F7709D2B59368F00C62071 /* Frameworks */,
				25F7709E2B59368F00C62071 /* Resources */,
			);
			buildRules = (
			);
			dependencies = (
			);
			name = ParticlesFX;
			productName = ParticlesFX;
			productReference = 25F770A02B59368F00C62071 /* ParticlesFX.app */;
			productType = "com.apple.product-type.application";
		};
		25F770B52B59369200C62071 /* ParticlesFXTests */ = {
			isa = PBXNativeTarget;
			buildConfigurationList = 25F770CD2B59369200C62071 /* Build configuration list for PBXNativeTarget "ParticlesFXTests" */;
			buildPhases = (
				25F770B22B59369200C62071 /* Sources */,
				25F770B32B59369200C62071 /* Frameworks */,
				25F770B42B59369200C62071 /* Resources */,
			);
			buildRules = (
			);
			dependencies = (
				25F770B82B59369200C62071 /* PBXTargetDependency */,
			);
			name = ParticlesFXTests;
			productName = ParticlesFXTests;
			productReference = 25F770B62B59369200C62071 /* ParticlesFXTests.xctest */;
			productType = "com.apple.product-type.bundle.unit-test";
		};
		25F770BF2B59369200C62071 /* ParticlesFXUITests */ = {
			isa = PBXNativeTarget;
			buildConfigurationList = 25F770D02B59369200C62071 /* Build configuration list for PBXNativeTarget "ParticlesFXUITests" */;
			buildPhases = (
				25F770BC2B59369200C62071 /* Sources */,
				25F770BD2B59369200C62071 /* Frameworks */,
				25F770BE2B59369200C62071 /* Resources */,
			);
			buildRules = (
			);
			dependencies = (
				25F770C22B59369200C62071 /* PBXTargetDependency */,
			);
			name = ParticlesFXUITests;
			productName = ParticlesFXUITests;
			productReference = 25F770C02B59369200C62071 /* ParticlesFXUITests.xctest */;
			productType = "com.apple.product-type.bundle.ui-testing";
		};
/* End PBXNativeTarget section */

/* Begin PBXProject section */
		25F770982B59368F00C62071 /* Project object */ = {
			isa = PBXProject;
			attributes = {
				BuildIndependentTargetsInParallel = 1;
				LastSwiftUpdateCheck = 1430;
				LastUpgradeCheck = 1430;
				TargetAttributes = {
					25F7709F2B59368F00C62071 = {
						CreatedOnToolsVersion = 14.3.1;
					};
					25F770B52B59369200C62071 = {
						CreatedOnToolsVersion = 14.3.1;
						TestTargetID = 25F7709F2B59368F00C62071;
					};
					25F770BF2B59369200C62071 = {
						CreatedOnToolsVersion = 14.3.1;
						TestTargetID = 25F7709F2B59368F00C62071;
					};
				};
			};
			buildConfigurationList = 25F7709B2B59368F00C62071 /* Build configuration list for PBXProject "ParticlesFX" */;
			compatibilityVersion = "Xcode 14.0";
			developmentRegion = en;
			hasScannedForEncodings = 0;
			knownRegions = (
				en,
				Base,
			);
			mainGroup = 25F770972B59368F00C62071;
			productRefGroup = 25F770A12B59368F00C62071 /* Products */;
			projectDirPath = "";
			projectRoot = "";
			targets = (
				25F7709F2B59368F00C62071 /* ParticlesFX */,
				25F770B52B59369200C62071 /* ParticlesFXTests */,
				25F770BF2B59369200C62071 /* ParticlesFXUITests */,
			);
		};
/* End PBXProject section */

/* Begin PBXResourcesBuildPhase section */
		25F7709E2B59368F00C62071 /* Resources */ = {
			isa = PBXResourcesBuildPhase;
			buildActionMask = 2147483647;
			files = (
				25F770B02B59369200C62071 /* LaunchScreen.storyboard in Resources */,
				25F770AD2B59369200C62071 /* Assets.xcassets in Resources */,
				25F770AB2B59368F00C62071 /* Main.storyboard in Resources */,
			);
			runOnlyForDeploymentPostprocessing = 0;
		};
		25F770B42B59369200C62071 /* Resources */ = {
			isa = PBXResourcesBuildPhase;
			buildActionMask = 2147483647;
			files = (
			);
			runOnlyForDeploymentPostprocessing = 0;
		};
		25F770BE2B59369200C62071 /* Resources */ = {
			isa = PBXResourcesBuildPhase;
			buildActionMask = 2147483647;
			files = (
			);
			runOnlyForDeploymentPostprocessing = 0;
		};
/* End PBXResourcesBuildPhase section */

/* Begin PBXSourcesBuildPhase section */
		25F7709C2B59368F00C62071 /* Sources */ = {
			isa = PBXSourcesBuildPhase;
			buildActionMask = 2147483647;
			files = (
				25F770A82B59368F00C62071 /* ViewController.swift in Sources */,
				25F770D52B5936AC00C62071 /* Particles.swift in Sources */,
				25F770A42B59368F00C62071 /* AppDelegate.swift in Sources */,
				25F770A62B59368F00C62071 /* SceneDelegate.swift in Sources */,
			);
			runOnlyForDeploymentPostprocessing = 0;
		};
		25F770B22B59369200C62071 /* Sources */ = {
			isa = PBXSourcesBuildPhase;
			buildActionMask = 2147483647;
			files = (
				25F770BB2B59369200C62071 /* ParticlesFXTests.swift in Sources */,
			);
			runOnlyForDeploymentPostprocessing = 0;
		};
		25F770BC2B59369200C62071 /* Sources */ = {
			isa = PBXSourcesBuildPhase;
			buildActionMask = 2147483647;
			files = (
				25F770C72B59369200C62071 /* ParticlesFXUITestsLaunchTests.swift in Sources */,
				25F770C52B59369200C62071 /* ParticlesFXUITests.swift in Sources */,
			);
			runOnlyForDeploymentPostprocessing = 0;
		};
/* End PBXSourcesBuildPhase section */

/* Begin PBXTargetDependency section */
		25F770B82B59369200C62071 /* PBXTargetDependency */ = {
			isa = PBXTargetDependency;
			target = 25F7709F2B59368F00C62071 /* ParticlesFX */;
			targetProxy = 25F770B72B59369200C62071 /* PBXContainerItemProxy */;
		};
		25F770C22B59369200C62071 /* PBXTargetDependency */ = {
			isa = PBXTargetDependency;
			target = 25F7709F2B59368F00C62071 /* ParticlesFX */;
			targetProxy = 25F770C12B59369200C62071 /* PBXContainerItemProxy */;
		};
/* End PBXTargetDependency section */

/* Begin PBXVariantGroup section */
		25F770A92B59368F00C62071 /* Main.storyboard */ = {
			isa = PBXVariantGroup;
			children = (
				25F770AA2B59368F00C62071 /* Base */,
			);
			name = Main.storyboard;
			sourceTree = "<group>";
		};
		25F770AE2B59369200C62071 /* LaunchScreen.storyboard */ = {
			isa = PBXVariantGroup;
			children = (
				25F770AF2B59369200C62071 /* Base */,
			);
			name = LaunchScreen.storyboard;
			sourceTree = "<group>";
		};
/* End PBXVariantGroup section */

/* Begin XCBuildConfiguration section */
		25F770C82B59369200C62071 /* Debug */ = {
			isa = XCBuildConfiguration;
			buildSettings = {
				ALWAYS_SEARCH_USER_PATHS = NO;
				CLANG_ANALYZER_NONNULL = YES;
				CLANG_ANALYZER_NUMBER_OBJECT_CONVERSION = YES_AGGRESSIVE;
				CLANG_CXX_LANGUAGE_STANDARD = "gnu++20";
				CLANG_ENABLE_MODULES = YES;
				CLANG_ENABLE_OBJC_ARC = YES;
				CLANG_ENABLE_OBJC_WEAK = YES;
				CLANG_WARN_BLOCK_CAPTURE_AUTORELEASING = YES;
				CLANG_WARN_BOOL_CONVERSION = YES;
				CLANG_WARN_COMMA = YES;
				CLANG_WARN_CONSTANT_CONVERSION = YES;
				CLANG_WARN_DEPRECATED_OBJC_IMPLEMENTATIONS = YES;
				CLANG_WARN_DIRECT_OBJC_ISA_USAGE = YES_ERROR;
				CLANG_WARN_DOCUMENTATION_COMMENTS = YES;
				CLANG_WARN_EMPTY_BODY = YES;
				CLANG_WARN_ENUM_CONVERSION = YES;
				CLANG_WARN_INFINITE_RECURSION = YES;
				CLANG_WARN_INT_CONVERSION = YES;
				CLANG_WARN_NON_LITERAL_NULL_CONVERSION = YES;
				CLANG_WARN_OBJC_IMPLICIT_RETAIN_SELF = YES;
				CLANG_WARN_OBJC_LITERAL_CONVERSION = YES;
				CLANG_WARN_OBJC_ROOT_CLASS = YES_ERROR;
				CLANG_WARN_QUOTED_INCLUDE_IN_FRAMEWORK_HEADER = YES;
				CLANG_WARN_RANGE_LOOP_ANALYSIS = YES;
				CLANG_WARN_STRICT_PROTOTYPES = YES;
				CLANG_WARN_SUSPICIOUS_MOVE = YES;
				CLANG_WARN_UNGUARDED_AVAILABILITY = YES_AGGRESSIVE;
				CLANG_WARN_UNREACHABLE_CODE = YES;
				CLANG_WARN__DUPLICATE_METHOD_MATCH = YES;
				COPY_PHASE_STRIP = NO;
				DEBUG_INFORMATION_FORMAT = dwarf;
				ENABLE_STRICT_OBJC_MSGSEND = YES;
				ENABLE_TESTABILITY = YES;
				GCC_C_LANGUAGE_STANDARD = gnu11;
				GCC_DYNAMIC_NO_PIC = NO;
				GCC_NO_COMMON_BLOCKS = YES;
				GCC_OPTIMIZATION_LEVEL = 0;
				GCC_PREPROCESSOR_DEFINITIONS = (
					"DEBUG=1",
					"$(inherited)",
				);
				GCC_WARN_64_TO_32_BIT_CONVERSION = YES;
				GCC_WARN_ABOUT_RETURN_TYPE = YES_ERROR;
				GCC_WARN_UNDECLARED_SELECTOR = YES;
				GCC_WARN_UNINITIALIZED_AUTOS = YES_AGGRESSIVE;
				GCC_WARN_UNUSED_FUNCTION = YES;
				GCC_WARN_UNUSED_VARIABLE = YES;
				IPHONEOS_DEPLOYMENT_TARGET = 16.4;
				MTL_ENABLE_DEBUG_INFO = INCLUDE_SOURCE;
				MTL_FAST_MATH = YES;
				ONLY_ACTIVE_ARCH = YES;
				SDKROOT = iphoneos;
				SWIFT_ACTIVE_COMPILATION_CONDITIONS = DEBUG;
				SWIFT_OPTIMIZATION_LEVEL = "-Onone";
			};
			name = Debug;
		};
		25F770C92B59369200C62071 /* Release */ = {
			isa = XCBuildConfiguration;
			buildSettings = {
				ALWAYS_SEARCH_USER_PATHS = NO;
				CLANG_ANALYZER_NONNULL = YES;
				CLANG_ANALYZER_NUMBER_OBJECT_CONVERSION = YES_AGGRESSIVE;
				CLANG_CXX_LANGUAGE_STANDARD = "gnu++20";
				CLANG_ENABLE_MODULES = YES;
				CLANG_ENABLE_OBJC_ARC = YES;
				CLANG_ENABLE_OBJC_WEAK = YES;
				CLANG_WARN_BLOCK_CAPTURE_AUTORELEASING = YES;
				CLANG_WARN_BOOL_CONVERSION = YES;
				CLANG_WARN_COMMA = YES;
				CLANG_WARN_CONSTANT_CONVERSION = YES;
				CLANG_WARN_DEPRECATED_OBJC_IMPLEMENTATIONS = YES;
				CLANG_WARN_DIRECT_OBJC_ISA_USAGE = YES_ERROR;
				CLANG_WARN_DOCUMENTATION_COMMENTS = YES;
				CLANG_WARN_EMPTY_BODY = YES;
				CLANG_WARN_ENUM_CONVERSION = YES;
				CLANG_WARN_INFINITE_RECURSION = YES;
				CLANG_WARN_INT_CONVERSION = YES;
				CLANG_WARN_NON_LITERAL_NULL_CONVERSION = YES;
				CLANG_WARN_OBJC_IMPLICIT_RETAIN_SELF = YES;
				CLANG_WARN_OBJC_LITERAL_CONVERSION = YES;
				CLANG_WARN_OBJC_ROOT_CLASS = YES_ERROR;
				CLANG_WARN_QUOTED_INCLUDE_IN_FRAMEWORK_HEADER = YES;
				CLANG_WARN_RANGE_LOOP_ANALYSIS = YES;
				CLANG_WARN_STRICT_PROTOTYPES = YES;
				CLANG_WARN_SUSPICIOUS_MOVE = YES;
				CLANG_WARN_UNGUARDED_AVAILABILITY = YES_AGGRESSIVE;
				CLANG_WARN_UNREACHABLE_CODE = YES;
				CLANG_WARN__DUPLICATE_METHOD_MATCH = YES;
				COPY_PHASE_STRIP = NO;
				DEBUG_INFORMATION_FORMAT = "dwarf-with-dsym";
				ENABLE_NS_ASSERTIONS = NO;
				ENABLE_STRICT_OBJC_MSGSEND = YES;
				GCC_C_LANGUAGE_STANDARD = gnu11;
				GCC_NO_COMMON_BLOCKS = YES;
				GCC_WARN_64_TO_32_BIT_CONVERSION = YES;
				GCC_WARN_ABOUT_RETURN_TYPE = YES_ERROR;
				GCC_WARN_UNDECLARED_SELECTOR = YES;
				GCC_WARN_UNINITIALIZED_AUTOS = YES_AGGRESSIVE;
				GCC_WARN_UNUSED_FUNCTION = YES;
				GCC_WARN_UNUSED_VARIABLE = YES;
				IPHONEOS_DEPLOYMENT_TARGET = 16.4;
				MTL_ENABLE_DEBUG_INFO = NO;
				MTL_FAST_MATH = YES;
				SDKROOT = iphoneos;
				SWIFT_COMPILATION_MODE = wholemodule;
				SWIFT_OPTIMIZATION_LEVEL = "-O";
				VALIDATE_PRODUCT = YES;
			};
			name = Release;
		};
		25F770CB2B59369200C62071 /* Debug */ = {
			isa = XCBuildConfiguration;
			buildSettings = {
				ASSETCATALOG_COMPILER_APPICON_NAME = AppIcon;
				ASSETCATALOG_COMPILER_GLOBAL_ACCENT_COLOR_NAME = AccentColor;
				CODE_SIGN_STYLE = Automatic;
				CURRENT_PROJECT_VERSION = 1;
				DEVELOPMENT_TEAM = BK45F2432S;
				GENERATE_INFOPLIST_FILE = YES;
				INFOPLIST_FILE = ParticlesFX/Info.plist;
				INFOPLIST_KEY_UIApplicationSupportsIndirectInputEvents = YES;
				INFOPLIST_KEY_UILaunchStoryboardName = LaunchScreen;
				INFOPLIST_KEY_UIMainStoryboardFile = Main;
				INFOPLIST_KEY_UISupportedInterfaceOrientations_iPad = "UIInterfaceOrientationPortrait UIInterfaceOrientationPortraitUpsideDown UIInterfaceOrientationLandscapeLeft UIInterfaceOrientationLandscapeRight";
				INFOPLIST_KEY_UISupportedInterfaceOrientations_iPhone = "UIInterfaceOrientationPortrait UIInterfaceOrientationLandscapeLeft UIInterfaceOrientationLandscapeRight";
				LD_RUNPATH_SEARCH_PATHS = (
					"$(inherited)",
					"@executable_path/Frameworks",
				);
				MARKETING_VERSION = 1.0;
				PRODUCT_BUNDLE_IDENTIFIER = good.damn.particles.ParticlesFX;
				PRODUCT_NAME = "$(TARGET_NAME)";
				SWIFT_EMIT_LOC_STRINGS = YES;
				SWIFT_VERSION = 5.0;
				TARGETED_DEVICE_FAMILY = "1,2";
			};
			name = Debug;
		};
		25F770CC2B59369200C62071 /* Release */ = {
			isa = XCBuildConfiguration;
			buildSettings = {
				ASSETCATALOG_COMPILER_APPICON_NAME = AppIcon;
				ASSETCATALOG_COMPILER_GLOBAL_ACCENT_COLOR_NAME = AccentColor;
				CODE_SIGN_STYLE = Automatic;
				CURRENT_PROJECT_VERSION = 1;
				DEVELOPMENT_TEAM = BK45F2432S;
				GENERATE_INFOPLIST_FILE = YES;
				INFOPLIST_FILE = ParticlesFX/Info.plist;
				INFOPLIST_KEY_UIApplicationSupportsIndirectInputEvents = YES;
				INFOPLIST_KEY_UILaunchStoryboardName = LaunchScreen;
				INFOPLIST_KEY_UIMainStoryboardFile = Main;
				INFOPLIST_KEY_UISupportedInterfaceOrientations_iPad = "UIInterfaceOrientationPortrait UIInterfaceOrientationPortraitUpsideDown UIInterfaceOrientationLandscapeLeft UIInterfaceOrientationLandscapeRight";
				INFOPLIST_KEY_UISupportedInterfaceOrientations_iPhone = "UIInterfaceOrientationPortrait UIInterfaceOrientationLandscapeLeft UIInterfaceOrientationLandscapeRight";
				LD_RUNPATH_SEARCH_PATHS = (
					"$(inherited)",
					"@executable_path/Frameworks",
				);
				MARKETING_VERSION = 1.0;
				PRODUCT_BUNDLE_IDENTIFIER = good.damn.particles.ParticlesFX;
				PRODUCT_NAME = "$(TARGET_NAME)";
				SWIFT_EMIT_LOC_STRINGS = YES;
				SWIFT_VERSION = 5.0;
				TARGETED_DEVICE_FAMILY = "1,2";
			};
			name = Release;
		};
		25F770CE2B59369200C62071 /* Debug */ = {
			isa = XCBuildConfiguration;
			buildSettings = {
				ALWAYS_EMBED_SWIFT_STANDARD_LIBRARIES = YES;
				BUNDLE_LOADER = "$(TEST_HOST)";
				CODE_SIGN_STYLE = Automatic;
				CURRENT_PROJECT_VERSION = 1;
				DEVELOPMENT_TEAM = BK45F2432S;
				GENERATE_INFOPLIST_FILE = YES;
				IPHONEOS_DEPLOYMENT_TARGET = 16.4;
				MARKETING_VERSION = 1.0;
				PRODUCT_BUNDLE_IDENTIFIER = good.damn.particles.ParticlesFXTests;
				PRODUCT_NAME = "$(TARGET_NAME)";
				SWIFT_EMIT_LOC_STRINGS = NO;
				SWIFT_VERSION = 5.0;
				TARGETED_DEVICE_FAMILY = "1,2";
				TEST_HOST = "$(BUILT_PRODUCTS_DIR)/ParticlesFX.app/$(BUNDLE_EXECUTABLE_FOLDER_PATH)/ParticlesFX";
			};
			name = Debug;
		};
		25F770CF2B59369200C62071 /* Release */ = {
			isa = XCBuildConfiguration;
			buildSettings = {
				ALWAYS_EMBED_SWIFT_STANDARD_LIBRARIES = YES;
				BUNDLE_LOADER = "$(TEST_HOST)";
				CODE_SIGN_STYLE = Automatic;
				CURRENT_PROJECT_VERSION = 1;
				DEVELOPMENT_TEAM = BK45F2432S;
				GENERATE_INFOPLIST_FILE = YES;
				IPHONEOS_DEPLOYMENT_TARGET = 16.4;
				MARKETING_VERSION = 1.0;
				PRODUCT_BUNDLE_IDENTIFIER = good.damn.particles.ParticlesFXTests;
				PRODUCT_NAME = "$(TARGET_NAME)";
				SWIFT_EMIT_LOC_STRINGS = NO;
				SWIFT_VERSION = 5.0;
				TARGETED_DEVICE_FAMILY = "1,2";
				TEST_HOST = "$(BUILT_PRODUCTS_DIR)/ParticlesFX.app/$(BUNDLE_EXECUTABLE_FOLDER_PATH)/ParticlesFX";
			};
			name = Release;
		};
		25F770D12B59369200C62071 /* Debug */ = {
			isa = XCBuildConfiguration;
			buildSettings = {
				ALWAYS_EMBED_SWIFT_STANDARD_LIBRARIES = YES;
				CODE_SIGN_STYLE = Automatic;
				CURRENT_PROJECT_VERSION = 1;
				DEVELOPMENT_TEAM = BK45F2432S;
				GENERATE_INFOPLIST_FILE = YES;
				MARKETING_VERSION = 1.0;
				PRODUCT_BUNDLE_IDENTIFIER = good.damn.particles.ParticlesFXUITests;
				PRODUCT_NAME = "$(TARGET_NAME)";
				SWIFT_EMIT_LOC_STRINGS = NO;
				SWIFT_VERSION = 5.0;
				TARGETED_DEVICE_FAMILY = "1,2";
				TEST_TARGET_NAME = ParticlesFX;
			};
			name = Debug;
		};
		25F770D22B59369200C62071 /* Release */ = {
			isa = XCBuildConfiguration;
			buildSettings = {
				ALWAYS_EMBED_SWIFT_STANDARD_LIBRARIES = YES;
				CODE_SIGN_STYLE = Automatic;
				CURRENT_PROJECT_VERSION = 1;
				DEVELOPMENT_TEAM = BK45F2432S;
				GENERATE_INFOPLIST_FILE = YES;
				MARKETING_VERSION = 1.0;
				PRODUCT_BUNDLE_IDENTIFIER = good.damn.particles.ParticlesFXUITests;
				PRODUCT_NAME = "$(TARGET_NAME)";
				SWIFT_EMIT_LOC_STRINGS = NO;
				SWIFT_VERSION = 5.0;
				TARGETED_DEVICE_FAMILY = "1,2";
				TEST_TARGET_NAME = ParticlesFX;
			};
			name = Release;
		};
/* End XCBuildConfiguration section */

/* Begin XCConfigurationList section */
		25F7709B2B59368F00C62071 /* Build configuration list for PBXProject "ParticlesFX" */ = {
			isa = XCConfigurationList;
			buildConfigurations = (
				25F770C82B59369200C62071 /* Debug */,
				25F770C92B59369200C62071 /* Release */,
			);
			defaultConfigurationIsVisible = 0;
			defaultConfigurationName = Release;
		};
		25F770CA2B59369200C62071 /* Build configuration list for PBXNativeTarget "ParticlesFX" */ = {
			isa = XCConfigurationList;
			buildConfigurations = (
				25F770CB2B59369200C62071 /* Debug */,
				25F770CC2B59369200C62071 /* Release */,
			);
			defaultConfigurationIsVisible = 0;
			defaultConfigurationName = Release;
		};
		25F770CD2B59369200C62071 /* Build configuration list for PBXNativeTarget "ParticlesFXTests" */ = {
			isa = XCConfigurationList;
			buildConfigurations = (
				25F770CE2B59369200C62071 /* Debug */,
				25F770CF2B59369200C62071 /* Release */,
			);
			defaultConfigurationIsVisible = 0;
			defaultConfigurationName = Release;
		};
		25F770D02B59369200C62071 /* Build configuration list for PBXNativeTarget "ParticlesFXUITests" */ = {
			isa = XCConfigurationList;
			buildConfigurations = (
				25F770D12B59369200C62071 /* Debug */,
				25F770D22B59369200C62071 /* Release */,
			);
			defaultConfigurationIsVisible = 0;
			defaultConfigurationName = Release;
		};
/* End XCConfigurationList section */
	};
	rootObject = 25F770982B59368F00C62071 /* Project object */;
}
